// !$*UTF8*$!
{
	archiveVersion = 1;
	classes = {
	};
	objectVersion = 50;
	objects = {

/* Begin PBXBuildFile section */
		F213947D245B32AD00FE358A /* AppDelegate.swift in Sources */ = {isa = PBXBuildFile; fileRef = F213947C245B32AD00FE358A /* AppDelegate.swift */; };
		F213947F245B32AD00FE358A /* SceneDelegate.swift in Sources */ = {isa = PBXBuildFile; fileRef = F213947E245B32AD00FE358A /* SceneDelegate.swift */; };
		F2139481245B32AD00FE358A /* ContentView.swift in Sources */ = {isa = PBXBuildFile; fileRef = F2139480245B32AD00FE358A /* ContentView.swift */; };
		F2139483245B32AE00FE358A /* Assets.xcassets in Resources */ = {isa = PBXBuildFile; fileRef = F2139482245B32AE00FE358A /* Assets.xcassets */; };
		F2139486245B32AE00FE358A /* Preview Assets.xcassets in Resources */ = {isa = PBXBuildFile; fileRef = F2139485245B32AE00FE358A /* Preview Assets.xcassets */; };
		F2139489245B32AE00FE358A /* LaunchScreen.storyboard in Resources */ = {isa = PBXBuildFile; fileRef = F2139487245B32AE00FE358A /* LaunchScreen.storyboard */; };
/* End PBXBuildFile section */

/* Begin PBXFileReference section */
		F2139479245B32AD00FE358A /* FullScreenModal.app */ = {isa = PBXFileReference; explicitFileType = wrapper.application; includeInIndex = 0; path = FullScreenModal.app; sourceTree = BUILT_PRODUCTS_DIR; };
		F213947C245B32AD00FE358A /* AppDelegate.swift */ = {isa = PBXFileReference; lastKnownFileType = sourcecode.swift; path = AppDelegate.swift; sourceTree = "<group>"; };
		F213947E245B32AD00FE358A /* SceneDelegate.swift */ = {isa = PBXFileReference; lastKnownFileType = sourcecode.swift; path = SceneDelegate.swift; sourceTree = "<group>"; };
		F2139480245B32AD00FE358A /* ContentView.swift */ = {isa = PBXFileReference; lastKnownFileType = sourcecode.swift; path = ContentView.swift; sourceTree = "<group>"; };
		F2139482245B32AE00FE358A /* Assets.xcassets */ = {isa = PBXFileReference; lastKnownFileType = folder.assetcatalog; path = Assets.xcassets; sourceTree = "<group>"; };
		F2139485245B32AE00FE358A /* Preview Assets.xcassets */ = {isa = PBXFileReference; lastKnownFileType = folder.assetcatalog; path = "Preview Assets.xcassets"; sourceTree = "<group>"; };
		F2139488245B32AE00FE358A /* Base */ = {isa = PBXFileReference; lastKnownFileType = file.storyboard; name = Base; path = Base.lproj/LaunchScreen.storyboard; sourceTree = "<group>"; };
		F213948A245B32AE00FE358A /* Info.plist */ = {isa = PBXFileReference; lastKnownFileType = text.plist.xml; path = Info.plist; sourceTree = "<group>"; };
/* End PBXFileReference section */

/* Begin PBXFrameworksBuildPhase section */
		F2139476245B32AD00FE358A /* Frameworks */ = {
			isa = PBXFrameworksBuildPhase;
			buildActionMask = 2147483647;
			files = (
			);
			runOnlyForDeploymentPostprocessing = 0;
		};
/* End PBXFrameworksBuildPhase section */

/* Begin PBXGroup section */
		F2139470245B32AD00FE358A = {
			isa = PBXGroup;
			children = (
				F213947B245B32AD00FE358A /* FullScreenModal */,
				F213947A245B32AD00FE358A /* Products */,
			);
			sourceTree = "<group>";
		};
		F213947A245B32AD00FE358A /* Products */ = {
			isa = PBXGroup;
			children = (
				F2139479245B32AD00FE358A /* FullScreenModal.app */,
			);
			name = Products;
			sourceTree = "<group>";
		};
		F213947B245B32AD00FE358A /* FullScreenModal */ = {
			isa = PBXGroup;
			children = (
				F213947C245B32AD00FE358A /* AppDelegate.swift */,
				F213947E245B32AD00FE358A /* SceneDelegate.swift */,
				F2139480245B32AD00FE358A /* ContentView.swift */,
				F2139482245B32AE00FE358A /* Assets.xcassets */,
				F2139487245B32AE00FE358A /* LaunchScreen.storyboard */,
				F213948A245B32AE00FE358A /* Info.plist */,
				F2139484245B32AE00FE358A /* Preview Content */,
			);
			path = FullScreenModal;
			sourceTree = "<group>";
		};
		F2139484245B32AE00FE358A /* Preview Content */ = {
			isa = PBXGroup;
			children = (
				F2139485245B32AE00FE358A /* Preview Assets.xcassets */,
			);
			path = "Preview Content";
			sourceTree = "<group>";
		};
/* End PBXGroup section */

/* Begin PBXNativeTarget section */
		F2139478245B32AD00FE358A /* FullScreenModal */ = {
			isa = PBXNativeTarget;
			buildConfigurationList = F213948D245B32AE00FE358A /* Build configuration list for PBXNativeTarget "FullScreenModal" */;
			buildPhases = (
				F2139475245B32AD00FE358A /* Sources */,
				F2139476245B32AD00FE358A /* Frameworks */,
				F2139477245B32AD00FE358A /* Resources */,
			);
			buildRules = (
			);
			dependencies = (
			);
			name = FullScreenModal;
			productName = FullScreenModal;
			productReference = F2139479245B32AD00FE358A /* FullScreenModal.app */;
			productType = "com.apple.product-type.application";
		};
/* End PBXNativeTarget section */

/* Begin PBXProject section */
		F2139471245B32AD00FE358A /* Project object */ = {
			isa = PBXProject;
			attributes = {
				LastSwiftUpdateCheck = 1140;
				LastUpgradeCheck = 1140;
				ORGANIZATIONNAME = "Do Le Duy";
				TargetAttributes = {
					F2139478245B32AD00FE358A = {
						CreatedOnToolsVersion = 11.4.1;
					};
				};
			};
			buildConfigurationList = F2139474245B32AD00FE358A /* Build configuration list for PBXProject "FullScreenModal" */;
			compatibilityVersion = "Xcode 9.3";
			developmentRegion = en;
			hasScannedForEncodings = 0;
			knownRegions = (
				en,
				Base,
			);
			mainGroup = F2139470245B32AD00FE358A;
			productRefGroup = F213947A245B32AD00FE358A /* Products */;
			projectDirPath = "";
			projectRoot = "";
			targets = (
				F2139478245B32AD00FE358A /* FullScreenModal */,
			);
		};
/* End PBXProject section */

/* Begin PBXResourcesBuildPhase section */
		F2139477245B32AD00FE358A /* Resources */ = {
			isa = PBXResourcesBuildPhase;
			buildActionMask = 2147483647;
			files = (
				F2139489245B32AE00FE358A /* LaunchScreen.storyboard in Resources */,
				F2139486245B32AE00FE358A /* Preview Assets.xcassets in Resources */,
				F2139483245B32AE00FE358A /* Assets.xcassets in Resources */,
			);
			runOnlyForDeploymentPostprocessing = 0;
		};
/* End PBXResourcesBuildPhase section */

/* Begin PBXSourcesBuildPhase section */
		F2139475245B32AD00FE358A /* Sources */ = {
			isa = PBXSourcesBuildPhase;
			buildActionMask = 2147483647;
			files = (
				F213947D245B32AD00FE358A /* AppDelegate.swift in Sources */,
				F213947F245B32AD00FE358A /* SceneDelegate.swift in Sources */,
				F2139481245B32AD00FE358A /* ContentView.swift in Sources */,
			);
			runOnlyForDeploymentPostprocessing = 0;
		};
/* End PBXSourcesBuildPhase section */

/* Begin PBXVariantGroup section */
		F2139487245B32AE00FE358A /* LaunchScreen.storyboard */ = {
			isa = PBXVariantGroup;
			children = (
				F2139488245B32AE00FE358A /* Base */,
			);
			name = LaunchScreen.storyboard;
			sourceTree = "<group>";
		};
/* End PBXVariantGroup section */

/* Begin XCBuildConfiguration section */
		F213948B245B32AE00FE358A /* Debug */ = {
			isa = XCBuildConfiguration;
			buildSettings = {
				ALWAYS_SEARCH_USER_PATHS = NO;
				CLANG_ANALYZER_NONNULL = YES;
				CLANG_ANALYZER_NUMBER_OBJECT_CONVERSION = YES_AGGRESSIVE;
				CLANG_CXX_LANGUAGE_STANDARD = "gnu++14";
				CLANG_CXX_LIBRARY = "libc++";
				CLANG_ENABLE_MODULES = YES;
				CLANG_ENABLE_OBJC_ARC = YES;
				CLANG_ENABLE_OBJC_WEAK = YES;
				CLANG_WARN_BLOCK_CAPTURE_AUTORELEASING = YES;
				CLANG_WARN_BOOL_CONVERSION = YES;
				CLANG_WARN_COMMA = YES;
				CLANG_WARN_CONSTANT_CONVERSION = YES;
				CLANG_WARN_DEPRECATED_OBJC_IMPLEMENTATIONS = YES;
				CLANG_WARN_DIRECT_OBJC_ISA_USAGE = YES_ERROR;
				CLANG_WARN_DOCUMENTATION_COMMENTS = YES;
				CLANG_WARN_EMPTY_BODY = YES;
				CLANG_WARN_ENUM_CONVERSION = YES;
				CLANG_WARN_INFINITE_RECURSION = YES;
				CLANG_WARN_INT_CONVERSION = YES;
				CLANG_WARN_NON_LITERAL_NULL_CONVERSION = YES;
				CLANG_WARN_OBJC_IMPLICIT_RETAIN_SELF = YES;
				CLANG_WARN_OBJC_LITERAL_CONVERSION = YES;
				CLANG_WARN_OBJC_ROOT_CLASS = YES_ERROR;
				CLANG_WARN_RANGE_LOOP_ANALYSIS = YES;
				CLANG_WARN_STRICT_PROTOTYPES = YES;
				CLANG_WARN_SUSPICIOUS_MOVE = YES;
				CLANG_WARN_UNGUARDED_AVAILABILITY = YES_AGGRESSIVE;
				CLANG_WARN_UNREACHABLE_CODE = YES;
				CLANG_WARN__DUPLICATE_METHOD_MATCH = YES;
				COPY_PHASE_STRIP = NO;
				DEBUG_INFORMATION_FORMAT = dwarf;
				ENABLE_STRICT_OBJC_MSGSEND = YES;
				ENABLE_TESTABILITY = YES;
				GCC_C_LANGUAGE_STANDARD = gnu11;
				GCC_DYNAMIC_NO_PIC = NO;
				GCC_NO_COMMON_BLOCKS = YES;
				GCC_OPTIMIZATION_LEVEL = 0;
				GCC_PREPROCESSOR_DEFINITIONS = (
					"DEBUG=1",
					"$(inherited)",
				);
				GCC_WARN_64_TO_32_BIT_CONVERSION = YES;
				GCC_WARN_ABOUT_RETURN_TYPE = YES_ERROR;
				GCC_WARN_UNDECLARED_SELECTOR = YES;
				GCC_WARN_UNINITIALIZED_AUTOS = YES_AGGRESSIVE;
				GCC_WARN_UNUSED_FUNCTION = YES;
				GCC_WARN_UNUSED_VARIABLE = YES;
				IPHONEOS_DEPLOYMENT_TARGET = 13.4;
				MTL_ENABLE_DEBUG_INFO = INCLUDE_SOURCE;
				MTL_FAST_MATH = YES;
				ONLY_ACTIVE_ARCH = YES;
				SDKROOT = iphoneos;
				SWIFT_ACTIVE_COMPILATION_CONDITIONS = DEBUG;
				SWIFT_OPTIMIZATION_LEVEL = "-Onone";
			};
			name = Debug;
		};
		F213948C245B32AE00FE358A /* Release */ = {
			isa = XCBuildConfiguration;
			buildSettings = {
				ALWAYS_SEARCH_USER_PATHS = NO;
				CLANG_ANALYZER_NONNULL = YES;
				CLANG_ANALYZER_NUMBER_OBJECT_CONVERSION = YES_AGGRESSIVE;
				CLANG_CXX_LANGUAGE_STANDARD = "gnu++14";
				CLANG_CXX_LIBRARY = "libc++";
				CLANG_ENABLE_MODULES = YES;
				CLANG_ENABLE_OBJC_ARC = YES;
				CLANG_ENABLE_OBJC_WEAK = YES;
				CLANG_WARN_BLOCK_CAPTURE_AUTORELEASING = YES;
				CLANG_WARN_BOOL_CONVERSION = YES;
				CLANG_WARN_COMMA = YES;
				CLANG_WARN_CONSTANT_CONVERSION = YES;
				CLANG_WARN_DEPRECATED_OBJC_IMPLEMENTATIONS = YES;
				CLANG_WARN_DIRECT_OBJC_ISA_USAGE = YES_ERROR;
				CLANG_WARN_DOCUMENTATION_COMMENTS = YES;
				CLANG_WARN_EMPTY_BODY = YES;
				CLANG_WARN_ENUM_CONVERSION = YES;
				CLANG_WARN_INFINITE_RECURSION = YES;
				CLANG_WARN_INT_CONVERSION = YES;
				CLANG_WARN_NON_LITERAL_NULL_CONVERSION = YES;
				CLANG_WARN_OBJC_IMPLICIT_RETAIN_SELF = YES;
				CLANG_WARN_OBJC_LITERAL_CONVERSION = YES;
				CLANG_WARN_OBJC_ROOT_CLASS = YES_ERROR;
				CLANG_WARN_RANGE_LOOP_ANALYSIS = YES;
				CLANG_WARN_STRICT_PROTOTYPES = YES;
				CLANG_WARN_SUSPICIOUS_MOVE = YES;
				CLANG_WARN_UNGUARDED_AVAILABILITY = YES_AGGRESSIVE;
				CLANG_WARN_UNREACHABLE_CODE = YES;
				CLANG_WARN__DUPLICATE_METHOD_MATCH = YES;
				COPY_PHASE_STRIP = NO;
				DEBUG_INFORMATION_FORMAT = "dwarf-with-dsym";
				ENABLE_NS_ASSERTIONS = NO;
				ENABLE_STRICT_OBJC_MSGSEND = YES;
				GCC_C_LANGUAGE_STANDARD = gnu11;
				GCC_NO_COMMON_BLOCKS = YES;
				GCC_WARN_64_TO_32_BIT_CONVERSION = YES;
				GCC_WARN_ABOUT_RETURN_TYPE = YES_ERROR;
				GCC_WARN_UNDECLARED_SELECTOR = YES;
				GCC_WARN_UNINITIALIZED_AUTOS = YES_AGGRESSIVE;
				GCC_WARN_UNUSED_FUNCTION = YES;
				GCC_WARN_UNUSED_VARIABLE = YES;
				IPHONEOS_DEPLOYMENT_TARGET = 13.4;
				MTL_ENABLE_DEBUG_INFO = NO;
				MTL_FAST_MATH = YES;
				SDKROOT = iphoneos;
				SWIFT_COMPILATION_MODE = wholemodule;
				SWIFT_OPTIMIZATION_LEVEL = "-O";
				VALIDATE_PRODUCT = YES;
			};
			name = Release;
		};
		F213948E245B32AE00FE358A /* Debug */ = {
			isa = XCBuildConfiguration;
			buildSettings = {
				ASSETCATALOG_COMPILER_APPICON_NAME = AppIcon;
				CODE_SIGN_STYLE = Automatic;
				DEVELOPMENT_ASSET_PATHS = "\"FullScreenModal/Preview Content\"";
				DEVELOPMENT_TEAM = GSDWJHQ3A4;
				ENABLE_PREVIEWS = YES;
				INFOPLIST_FILE = FullScreenModal/Info.plist;
				LD_RUNPATH_SEARCH_PATHS = (
					"$(inherited)",
					"@executable_path/Frameworks",
				);
				PRODUCT_BUNDLE_IDENTIFIER = com.duydl.FullScreenModal;
				PRODUCT_NAME = "$(TARGET_NAME)";
				SWIFT_VERSION = 5.0;
				TARGETED_DEVICE_FAMILY = "1,2";
			};
			name = Debug;
		};
		F213948F245B32AE00FE358A /* Release */ = {
			isa = XCBuildConfiguration;
			buildSettings = {
				ASSETCATALOG_COMPILER_APPICON_NAME = AppIcon;
				CODE_SIGN_STYLE = Automatic;
				DEVELOPMENT_ASSET_PATHS = "\"FullScreenModal/Preview Content\"";
				DEVELOPMENT_TEAM = GSDWJHQ3A4;
				ENABLE_PREVIEWS = YES;
				INFOPLIST_FILE = FullScreenModal/Info.plist;
				LD_RUNPATH_SEARCH_PATHS = (
					"$(inherited)",
					"@executable_path/Frameworks",
				);
				PRODUCT_BUNDLE_IDENTIFIER = com.duydl.FullScreenModal;
				PRODUCT_NAME = "$(TARGET_NAME)";
				SWIFT_VERSION = 5.0;
				TARGETED_DEVICE_FAMILY = "1,2";
			};
			name = Release;
		};
/* End XCBuildConfiguration section */

/* Begin XCConfigurationList section */
		F2139474245B32AD00FE358A /* Build configuration list for PBXProject "FullScreenModal" */ = {
			isa = XCConfigurationList;
			buildConfigurations = (
				F213948B245B32AE00FE358A /* Debug */,
				F213948C245B32AE00FE358A /* Release */,
			);
			defaultConfigurationIsVisible = 0;
			defaultConfigurationName = Release;
		};
		F213948D245B32AE00FE358A /* Build configuration list for PBXNativeTarget "FullScreenModal" */ = {
			isa = XCConfigurationList;
			buildConfigurations = (
				F213948E245B32AE00FE358A /* Debug */,
				F213948F245B32AE00FE358A /* Release */,
			);
			defaultConfigurationIsVisible = 0;
			defaultConfigurationName = Release;
		};
/* End XCConfigurationList section */
	};
	rootObject = F2139471245B32AD00FE358A /* Project object */;
}
