// !$*UTF8*$!
{
	archiveVersion = 1;
	classes = {
	};
	objectVersion = 50;
	objects = {

/* Begin PBXBuildFile section */
		F21393C62459C94D00FE358A /* AppDelegate.swift in Sources */ = {isa = PBXBuildFile; fileRef = F21393C52459C94D00FE358A /* AppDelegate.swift */; };
		F21393C82459C94D00FE358A /* SceneDelegate.swift in Sources */ = {isa = PBXBuildFile; fileRef = F21393C72459C94D00FE358A /* SceneDelegate.swift */; };
		F21393CC2459C94E00FE358A /* Assets.xcassets in Resources */ = {isa = PBXBuildFile; fileRef = F21393CB2459C94E00FE358A /* Assets.xcassets */; };
		F21393CF2459C94E00FE358A /* Preview Assets.xcassets in Resources */ = {isa = PBXBuildFile; fileRef = F21393CE2459C94E00FE358A /* Preview Assets.xcassets */; };
		F21393D22459C94E00FE358A /* LaunchScreen.storyboard in Resources */ = {isa = PBXBuildFile; fileRef = F21393D02459C94E00FE358A /* LaunchScreen.storyboard */; };
		F21393DE2459CA6200FE358A /* RoomDetail.swift in Sources */ = {isa = PBXBuildFile; fileRef = F21393DB2459CA6200FE358A /* RoomDetail.swift */; };
		F21393DF2459CA6200FE358A /* ContentView.swift in Sources */ = {isa = PBXBuildFile; fileRef = F21393DC2459CA6200FE358A /* ContentView.swift */; };
		F21393E02459CA6200FE358A /* RoomCell.swift in Sources */ = {isa = PBXBuildFile; fileRef = F21393DD2459CA6200FE358A /* RoomCell.swift */; };
		F21393E32459CA7400FE358A /* RoomStore.swift in Sources */ = {isa = PBXBuildFile; fileRef = F21393E12459CA7400FE358A /* RoomStore.swift */; };
		F21393E42459CA7400FE358A /* RoomModel.swift in Sources */ = {isa = PBXBuildFile; fileRef = F21393E22459CA7400FE358A /* RoomModel.swift */; };
/* End PBXBuildFile section */

/* Begin PBXFileReference section */
		F21393C22459C94D00FE358A /* Rooms.app */ = {isa = PBXFileReference; explicitFileType = wrapper.application; includeInIndex = 0; path = Rooms.app; sourceTree = BUILT_PRODUCTS_DIR; };
		F21393C52459C94D00FE358A /* AppDelegate.swift */ = {isa = PBXFileReference; lastKnownFileType = sourcecode.swift; path = AppDelegate.swift; sourceTree = "<group>"; };
		F21393C72459C94D00FE358A /* SceneDelegate.swift */ = {isa = PBXFileReference; lastKnownFileType = sourcecode.swift; path = SceneDelegate.swift; sourceTree = "<group>"; };
		F21393CB2459C94E00FE358A /* Assets.xcassets */ = {isa = PBXFileReference; lastKnownFileType = folder.assetcatalog; path = Assets.xcassets; sourceTree = "<group>"; };
		F21393CE2459C94E00FE358A /* Preview Assets.xcassets */ = {isa = PBXFileReference; lastKnownFileType = folder.assetcatalog; path = "Preview Assets.xcassets"; sourceTree = "<group>"; };
		F21393D12459C94E00FE358A /* Base */ = {isa = PBXFileReference; lastKnownFileType = file.storyboard; name = Base; path = Base.lproj/LaunchScreen.storyboard; sourceTree = "<group>"; };
		F21393D32459C94E00FE358A /* Info.plist */ = {isa = PBXFileReference; lastKnownFileType = text.plist.xml; path = Info.plist; sourceTree = "<group>"; };
		F21393DB2459CA6200FE358A /* RoomDetail.swift */ = {isa = PBXFileReference; fileEncoding = 4; lastKnownFileType = sourcecode.swift; path = RoomDetail.swift; sourceTree = "<group>"; };
		F21393DC2459CA6200FE358A /* ContentView.swift */ = {isa = PBXFileReference; fileEncoding = 4; lastKnownFileType = sourcecode.swift; path = ContentView.swift; sourceTree = "<group>"; };
		F21393DD2459CA6200FE358A /* RoomCell.swift */ = {isa = PBXFileReference; fileEncoding = 4; lastKnownFileType = sourcecode.swift; path = RoomCell.swift; sourceTree = "<group>"; };
		F21393E12459CA7400FE358A /* RoomStore.swift */ = {isa = PBXFileReference; fileEncoding = 4; lastKnownFileType = sourcecode.swift; path = RoomStore.swift; sourceTree = "<group>"; };
		F21393E22459CA7400FE358A /* RoomModel.swift */ = {isa = PBXFileReference; fileEncoding = 4; lastKnownFileType = sourcecode.swift; path = RoomModel.swift; sourceTree = "<group>"; };
/* End PBXFileReference section */

/* Begin PBXFrameworksBuildPhase section */
		F21393BF2459C94D00FE358A /* Frameworks */ = {
			isa = PBXFrameworksBuildPhase;
			buildActionMask = 2147483647;
			files = (
			);
			runOnlyForDeploymentPostprocessing = 0;
		};
/* End PBXFrameworksBuildPhase section */

/* Begin PBXGroup section */
		F21393B92459C94D00FE358A = {
			isa = PBXGroup;
			children = (
				F21393C42459C94D00FE358A /* Rooms */,
				F21393C32459C94D00FE358A /* Products */,
			);
			sourceTree = "<group>";
		};
		F21393C32459C94D00FE358A /* Products */ = {
			isa = PBXGroup;
			children = (
				F21393C22459C94D00FE358A /* Rooms.app */,
			);
			name = Products;
			sourceTree = "<group>";
		};
		F21393C42459C94D00FE358A /* Rooms */ = {
			isa = PBXGroup;
			children = (
				F21393DA2459C9CB00FE358A /* Model */,
				F21393D92459C9BD00FE358A /* View */,
				F21393C52459C94D00FE358A /* AppDelegate.swift */,
				F21393C72459C94D00FE358A /* SceneDelegate.swift */,
				F21393CB2459C94E00FE358A /* Assets.xcassets */,
				F21393D02459C94E00FE358A /* LaunchScreen.storyboard */,
				F21393D32459C94E00FE358A /* Info.plist */,
				F21393CD2459C94E00FE358A /* Preview Content */,
			);
			path = Rooms;
			sourceTree = "<group>";
		};
		F21393CD2459C94E00FE358A /* Preview Content */ = {
			isa = PBXGroup;
			children = (
				F21393CE2459C94E00FE358A /* Preview Assets.xcassets */,
			);
			path = "Preview Content";
			sourceTree = "<group>";
		};
		F21393D92459C9BD00FE358A /* View */ = {
			isa = PBXGroup;
			children = (
				F21393E22459CA7400FE358A /* RoomModel.swift */,
				F21393E12459CA7400FE358A /* RoomStore.swift */,
			);
			path = View;
			sourceTree = "<group>";
		};
		F21393DA2459C9CB00FE358A /* Model */ = {
			isa = PBXGroup;
			children = (
				F21393DC2459CA6200FE358A /* ContentView.swift */,
				F21393DD2459CA6200FE358A /* RoomCell.swift */,
				F21393DB2459CA6200FE358A /* RoomDetail.swift */,
			);
			path = Model;
			sourceTree = "<group>";
		};
/* End PBXGroup section */

/* Begin PBXNativeTarget section */
		F21393C12459C94D00FE358A /* Rooms */ = {
			isa = PBXNativeTarget;
			buildConfigurationList = F21393D62459C94E00FE358A /* Build configuration list for PBXNativeTarget "Rooms" */;
			buildPhases = (
				F21393BE2459C94D00FE358A /* Sources */,
				F21393BF2459C94D00FE358A /* Frameworks */,
				F21393C02459C94D00FE358A /* Resources */,
			);
			buildRules = (
			);
			dependencies = (
			);
			name = Rooms;
			productName = Rooms;
			productReference = F21393C22459C94D00FE358A /* Rooms.app */;
			productType = "com.apple.product-type.application";
		};
/* End PBXNativeTarget section */

/* Begin PBXProject section */
		F21393BA2459C94D00FE358A /* Project object */ = {
			isa = PBXProject;
			attributes = {
				LastSwiftUpdateCheck = 1140;
				LastUpgradeCheck = 1140;
				ORGANIZATIONNAME = "Do Le Duy";
				TargetAttributes = {
					F21393C12459C94D00FE358A = {
						CreatedOnToolsVersion = 11.4.1;
					};
				};
			};
			buildConfigurationList = F21393BD2459C94D00FE358A /* Build configuration list for PBXProject "Rooms" */;
			compatibilityVersion = "Xcode 9.3";
			developmentRegion = en;
			hasScannedForEncodings = 0;
			knownRegions = (
				en,
				Base,
			);
			mainGroup = F21393B92459C94D00FE358A;
			productRefGroup = F21393C32459C94D00FE358A /* Products */;
			projectDirPath = "";
			projectRoot = "";
			targets = (
				F21393C12459C94D00FE358A /* Rooms */,
			);
		};
/* End PBXProject section */

/* Begin PBXResourcesBuildPhase section */
		F21393C02459C94D00FE358A /* Resources */ = {
			isa = PBXResourcesBuildPhase;
			buildActionMask = 2147483647;
			files = (
				F21393D22459C94E00FE358A /* LaunchScreen.storyboard in Resources */,
				F21393CF2459C94E00FE358A /* Preview Assets.xcassets in Resources */,
				F21393CC2459C94E00FE358A /* Assets.xcassets in Resources */,
			);
			runOnlyForDeploymentPostprocessing = 0;
		};
/* End PBXResourcesBuildPhase section */

/* Begin PBXSourcesBuildPhase section */
		F21393BE2459C94D00FE358A /* Sources */ = {
			isa = PBXSourcesBuildPhase;
			buildActionMask = 2147483647;
			files = (
				F21393E42459CA7400FE358A /* RoomModel.swift in Sources */,
				F21393C62459C94D00FE358A /* AppDelegate.swift in Sources */,
				F21393DF2459CA6200FE358A /* ContentView.swift in Sources */,
				F21393C82459C94D00FE358A /* SceneDelegate.swift in Sources */,
				F21393E02459CA6200FE358A /* RoomCell.swift in Sources */,
				F21393E32459CA7400FE358A /* RoomStore.swift in Sources */,
				F21393DE2459CA6200FE358A /* RoomDetail.swift in Sources */,
			);
			runOnlyForDeploymentPostprocessing = 0;
		};
/* End PBXSourcesBuildPhase section */

/* Begin PBXVariantGroup section */
		F21393D02459C94E00FE358A /* LaunchScreen.storyboard */ = {
			isa = PBXVariantGroup;
			children = (
				F21393D12459C94E00FE358A /* Base */,
			);
			name = LaunchScreen.storyboard;
			sourceTree = "<group>";
		};
/* End PBXVariantGroup section */

/* Begin XCBuildConfiguration section */
		F21393D42459C94E00FE358A /* Debug */ = {
			isa = XCBuildConfiguration;
			buildSettings = {
				ALWAYS_SEARCH_USER_PATHS = NO;
				CLANG_ANALYZER_NONNULL = YES;
				CLANG_ANALYZER_NUMBER_OBJECT_CONVERSION = YES_AGGRESSIVE;
				CLANG_CXX_LANGUAGE_STANDARD = "gnu++14";
				CLANG_CXX_LIBRARY = "libc++";
				CLANG_ENABLE_MODULES = YES;
				CLANG_ENABLE_OBJC_ARC = YES;
				CLANG_ENABLE_OBJC_WEAK = YES;
				CLANG_WARN_BLOCK_CAPTURE_AUTORELEASING = YES;
				CLANG_WARN_BOOL_CONVERSION = YES;
				CLANG_WARN_COMMA = YES;
				CLANG_WARN_CONSTANT_CONVERSION = YES;
				CLANG_WARN_DEPRECATED_OBJC_IMPLEMENTATIONS = YES;
				CLANG_WARN_DIRECT_OBJC_ISA_USAGE = YES_ERROR;
				CLANG_WARN_DOCUMENTATION_COMMENTS = YES;
				CLANG_WARN_EMPTY_BODY = YES;
				CLANG_WARN_ENUM_CONVERSION = YES;
				CLANG_WARN_INFINITE_RECURSION = YES;
				CLANG_WARN_INT_CONVERSION = YES;
				CLANG_WARN_NON_LITERAL_NULL_CONVERSION = YES;
				CLANG_WARN_OBJC_IMPLICIT_RETAIN_SELF = YES;
				CLANG_WARN_OBJC_LITERAL_CONVERSION = YES;
				CLANG_WARN_OBJC_ROOT_CLASS = YES_ERROR;
				CLANG_WARN_RANGE_LOOP_ANALYSIS = YES;
				CLANG_WARN_STRICT_PROTOTYPES = YES;
				CLANG_WARN_SUSPICIOUS_MOVE = YES;
				CLANG_WARN_UNGUARDED_AVAILABILITY = YES_AGGRESSIVE;
				CLANG_WARN_UNREACHABLE_CODE = YES;
				CLANG_WARN__DUPLICATE_METHOD_MATCH = YES;
				COPY_PHASE_STRIP = NO;
				DEBUG_INFORMATION_FORMAT = dwarf;
				ENABLE_STRICT_OBJC_MSGSEND = YES;
				ENABLE_TESTABILITY = YES;
				GCC_C_LANGUAGE_STANDARD = gnu11;
				GCC_DYNAMIC_NO_PIC = NO;
				GCC_NO_COMMON_BLOCKS = YES;
				GCC_OPTIMIZATION_LEVEL = 0;
				GCC_PREPROCESSOR_DEFINITIONS = (
					"DEBUG=1",
					"$(inherited)",
				);
				GCC_WARN_64_TO_32_BIT_CONVERSION = YES;
				GCC_WARN_ABOUT_RETURN_TYPE = YES_ERROR;
				GCC_WARN_UNDECLARED_SELECTOR = YES;
				GCC_WARN_UNINITIALIZED_AUTOS = YES_AGGRESSIVE;
				GCC_WARN_UNUSED_FUNCTION = YES;
				GCC_WARN_UNUSED_VARIABLE = YES;
				IPHONEOS_DEPLOYMENT_TARGET = 13.4;
				MTL_ENABLE_DEBUG_INFO = INCLUDE_SOURCE;
				MTL_FAST_MATH = YES;
				ONLY_ACTIVE_ARCH = YES;
				SDKROOT = iphoneos;
				SWIFT_ACTIVE_COMPILATION_CONDITIONS = DEBUG;
				SWIFT_OPTIMIZATION_LEVEL = "-Onone";
			};
			name = Debug;
		};
		F21393D52459C94E00FE358A /* Release */ = {
			isa = XCBuildConfiguration;
			buildSettings = {
				ALWAYS_SEARCH_USER_PATHS = NO;
				CLANG_ANALYZER_NONNULL = YES;
				CLANG_ANALYZER_NUMBER_OBJECT_CONVERSION = YES_AGGRESSIVE;
				CLANG_CXX_LANGUAGE_STANDARD = "gnu++14";
				CLANG_CXX_LIBRARY = "libc++";
				CLANG_ENABLE_MODULES = YES;
				CLANG_ENABLE_OBJC_ARC = YES;
				CLANG_ENABLE_OBJC_WEAK = YES;
				CLANG_WARN_BLOCK_CAPTURE_AUTORELEASING = YES;
				CLANG_WARN_BOOL_CONVERSION = YES;
				CLANG_WARN_COMMA = YES;
				CLANG_WARN_CONSTANT_CONVERSION = YES;
				CLANG_WARN_DEPRECATED_OBJC_IMPLEMENTATIONS = YES;
				CLANG_WARN_DIRECT_OBJC_ISA_USAGE = YES_ERROR;
				CLANG_WARN_DOCUMENTATION_COMMENTS = YES;
				CLANG_WARN_EMPTY_BODY = YES;
				CLANG_WARN_ENUM_CONVERSION = YES;
				CLANG_WARN_INFINITE_RECURSION = YES;
				CLANG_WARN_INT_CONVERSION = YES;
				CLANG_WARN_NON_LITERAL_NULL_CONVERSION = YES;
				CLANG_WARN_OBJC_IMPLICIT_RETAIN_SELF = YES;
				CLANG_WARN_OBJC_LITERAL_CONVERSION = YES;
				CLANG_WARN_OBJC_ROOT_CLASS = YES_ERROR;
				CLANG_WARN_RANGE_LOOP_ANALYSIS = YES;
				CLANG_WARN_STRICT_PROTOTYPES = YES;
				CLANG_WARN_SUSPICIOUS_MOVE = YES;
				CLANG_WARN_UNGUARDED_AVAILABILITY = YES_AGGRESSIVE;
				CLANG_WARN_UNREACHABLE_CODE = YES;
				CLANG_WARN__DUPLICATE_METHOD_MATCH = YES;
				COPY_PHASE_STRIP = NO;
				DEBUG_INFORMATION_FORMAT = "dwarf-with-dsym";
				ENABLE_NS_ASSERTIONS = NO;
				ENABLE_STRICT_OBJC_MSGSEND = YES;
				GCC_C_LANGUAGE_STANDARD = gnu11;
				GCC_NO_COMMON_BLOCKS = YES;
				GCC_WARN_64_TO_32_BIT_CONVERSION = YES;
				GCC_WARN_ABOUT_RETURN_TYPE = YES_ERROR;
				GCC_WARN_UNDECLARED_SELECTOR = YES;
				GCC_WARN_UNINITIALIZED_AUTOS = YES_AGGRESSIVE;
				GCC_WARN_UNUSED_FUNCTION = YES;
				GCC_WARN_UNUSED_VARIABLE = YES;
				IPHONEOS_DEPLOYMENT_TARGET = 13.4;
				MTL_ENABLE_DEBUG_INFO = NO;
				MTL_FAST_MATH = YES;
				SDKROOT = iphoneos;
				SWIFT_COMPILATION_MODE = wholemodule;
				SWIFT_OPTIMIZATION_LEVEL = "-O";
				VALIDATE_PRODUCT = YES;
			};
			name = Release;
		};
		F21393D72459C94E00FE358A /* Debug */ = {
			isa = XCBuildConfiguration;
			buildSettings = {
				ASSETCATALOG_COMPILER_APPICON_NAME = AppIcon;
				CODE_SIGN_STYLE = Automatic;
				DEVELOPMENT_ASSET_PATHS = "\"Rooms/Preview Content\"";
				DEVELOPMENT_TEAM = GSDWJHQ3A4;
				ENABLE_PREVIEWS = YES;
				INFOPLIST_FILE = Rooms/Info.plist;
				LD_RUNPATH_SEARCH_PATHS = (
					"$(inherited)",
					"@executable_path/Frameworks",
				);
				PRODUCT_BUNDLE_IDENTIFIER = com.duydl.Rooms;
				PRODUCT_NAME = "$(TARGET_NAME)";
				SWIFT_VERSION = 5.0;
				TARGETED_DEVICE_FAMILY = "1,2";
			};
			name = Debug;
		};
		F21393D82459C94E00FE358A /* Release */ = {
			isa = XCBuildConfiguration;
			buildSettings = {
				ASSETCATALOG_COMPILER_APPICON_NAME = AppIcon;
				CODE_SIGN_STYLE = Automatic;
				DEVELOPMENT_ASSET_PATHS = "\"Rooms/Preview Content\"";
				DEVELOPMENT_TEAM = GSDWJHQ3A4;
				ENABLE_PREVIEWS = YES;
				INFOPLIST_FILE = Rooms/Info.plist;
				LD_RUNPATH_SEARCH_PATHS = (
					"$(inherited)",
					"@executable_path/Frameworks",
				);
				PRODUCT_BUNDLE_IDENTIFIER = com.duydl.Rooms;
				PRODUCT_NAME = "$(TARGET_NAME)";
				SWIFT_VERSION = 5.0;
				TARGETED_DEVICE_FAMILY = "1,2";
			};
			name = Release;
		};
/* End XCBuildConfiguration section */

/* Begin XCConfigurationList section */
		F21393BD2459C94D00FE358A /* Build configuration list for PBXProject "Rooms" */ = {
			isa = XCConfigurationList;
			buildConfigurations = (
				F21393D42459C94E00FE358A /* Debug */,
				F21393D52459C94E00FE358A /* Release */,
			);
			defaultConfigurationIsVisible = 0;
			defaultConfigurationName = Release;
		};
		F21393D62459C94E00FE358A /* Build configuration list for PBXNativeTarget "Rooms" */ = {
			isa = XCConfigurationList;
			buildConfigurations = (
				F21393D72459C94E00FE358A /* Debug */,
				F21393D82459C94E00FE358A /* Release */,
			);
			defaultConfigurationIsVisible = 0;
			defaultConfigurationName = Release;
		};
/* End XCConfigurationList section */
	};
	rootObject = F21393BA2459C94D00FE358A /* Project object */;
}
